
Microsoft Visual Studio Solution File, Format Version 12.00
# Visual Studio Version 17
VisualStudioVersion = 17.4.33103.184
MinimumVisualStudioVersion = 10.0.40219.1
Project("{9A19103F-16F7-4668-BE54-9A1E7A4F7556}") = "MndpTray.Protocol", "MndpTray.Protocol\MndpTray.Protocol.csproj", "{9008838B-88CD-40B0-BC80-FA37F5F9AAF8}"
EndProject
Project("{9A19103F-16F7-4668-BE54-9A1E7A4F7556}") = "MndpTray.Protocol.Test", "MndpTray.Protocol.Test\MndpTray.Protocol.Test.csproj", "{35AFB577-7545-4B0B-B5A4-161D9846D7DD}"
EndProject
Project("{9A19103F-16F7-4668-BE54-9A1E7A4F7556}") = "MndpService.Core", "MndpService.Core\MndpService.Core.csproj", "{F8A7247D-4729-44AE-8295-6C2408075C46}"
EndProject
Project("{9A19103F-16F7-4668-BE54-9A1E7A4F7556}") = "MndpTray.Core", "MndpTray.Core\MndpTray.Core.csproj", "{09DB8A0F-7679-4625-BC58-9E83E8D5DD10}"
EndProject
Project("{2150E333-8FDC-42A3-9474-1A3956D46DE8}") = "SolutionItems", "SolutionItems", "{A37FF1BC-8B62-4107-B8E2-6740AED36BC1}"
	ProjectSection(SolutionItems) = preProject
		..\.gitattributes = ..\.gitattributes
		..\.gitignore = ..\.gitignore
		..\CODE_OF_CONDUCT.md = ..\CODE_OF_CONDUCT.md
		..\CONTRIBUTING.md = ..\CONTRIBUTING.md
		..\LICENSE = ..\LICENSE
		..\README.md = ..\README.md
		..\_config.yml = ..\_config.yml
	EndProjectSection
EndProject
Global
	GlobalSection(SolutionConfigurationPlatforms) = preSolution
		Debug|Any CPU = Debug|Any CPU
		Release|Any CPU = Release|Any CPU
	EndGlobalSection
	GlobalSection(ProjectConfigurationPlatforms) = postSolution
		{9008838B-88CD-40B0-BC80-FA37F5F9AAF8}.Debug|Any CPU.ActiveCfg = Debug|Any CPU
		{9008838B-88CD-40B0-BC80-FA37F5F9AAF8}.Debug|Any CPU.Build.0 = Debug|Any CPU
		{9008838B-88CD-40B0-BC80-FA37F5F9AAF8}.Release|Any CPU.ActiveCfg = Release|Any CPU
		{9008838B-88CD-40B0-BC80-FA37F5F9AAF8}.Release|Any CPU.Build.0 = Release|Any CPU
		{35AFB577-7545-4B0B-B5A4-161D9846D7DD}.Debug|Any CPU.ActiveCfg = Debug|Any CPU
		{35AFB577-7545-4B0B-B5A4-161D9846D7DD}.Debug|Any CPU.Build.0 = Debug|Any CPU
		{35AFB577-7545-4B0B-B5A4-161D9846D7DD}.Release|Any CPU.ActiveCfg = Release|Any CPU
		{35AFB577-7545-4B0B-B5A4-161D9846D7DD}.Release|Any CPU.Build.0 = Release|Any CPU
		{F8A7247D-4729-44AE-8295-6C2408075C46}.Debug|Any CPU.ActiveCfg = Debug|Any CPU
		{F8A7247D-4729-44AE-8295-6C2408075C46}.Debug|Any CPU.Build.0 = Debug|Any CPU
		{F8A7247D-4729-44AE-8295-6C2408075C46}.Release|Any CPU.ActiveCfg = Release|Any CPU
		{F8A7247D-4729-44AE-8295-6C2408075C46}.Release|Any CPU.Build.0 = Release|Any CPU
		{09DB8A0F-7679-4625-BC58-9E83E8D5DD10}.Debug|Any CPU.ActiveCfg = Debug|Any CPU
		{09DB8A0F-7679-4625-BC58-9E83E8D5DD10}.Debug|Any CPU.Build.0 = Debug|Any CPU
		{09DB8A0F-7679-4625-BC58-9E83E8D5DD10}.Release|Any CPU.ActiveCfg = Release|Any CPU
		{09DB8A0F-7679-4625-BC58-9E83E8D5DD10}.Release|Any CPU.Build.0 = Release|Any CPU
	EndGlobalSection
	GlobalSection(SolutionProperties) = preSolution
		HideSolutionNode = FALSE
	EndGlobalSection
	GlobalSection(ExtensibilityGlobals) = postSolution
		SolutionGuid = {F2621C99-4CE8-4AE5-9FD5-9CDE5DBC3210}
	EndGlobalSection
EndGlobal
